
Microsoft Visual Studio Solution File, Format Version 12.00
# Visual Studio 15
VisualStudioVersion = 15.0.28010.2019
MinimumVisualStudioVersion = 10.0.40219.1
Project("{FAE04EC0-301F-11D3-BF4B-00C04F79EFBC}") = "name-sorter", "name-sorter\name-sorter.csproj", "{D83B3FB2-B159-4773-B295-35707BB1EC5A}"
EndProject
Project("{FAE04EC0-301F-11D3-BF4B-00C04F79EFBC}") = "common-tools", "common-tools\common-tools.csproj", "{4E1B1D17-E119-4015-94BB-EB72659DAF35}"
EndProject
Project("{FAE04EC0-301F-11D3-BF4B-00C04F79EFBC}") = "name-sorter-tests", "name-sorter-tests\name-sorter-tests.csproj", "{744EE7BC-FEF5-4D4F-876D-F92A5550D49F}"
EndProject
Project("{FAE04EC0-301F-11D3-BF4B-00C04F79EFBC}") = "core-interfaces", "core-interfaces\core-interfaces.csproj", "{CDF6B884-146A-4A1E-B51B-FDBAE2071CC0}"
EndProject
Project("{FAE04EC0-301F-11D3-BF4B-00C04F79EFBC}") = "core-business", "core-business\core-business.csproj", "{EF92AAA4-A697-48B9-8801-CD0E9C160231}"
EndProject
Global
	GlobalSection(SolutionConfigurationPlatforms) = preSolution
		Debug|Any CPU = Debug|Any CPU
		Release|Any CPU = Release|Any CPU
	EndGlobalSection
	GlobalSection(ProjectConfigurationPlatforms) = postSolution
		{D83B3FB2-B159-4773-B295-35707BB1EC5A}.Debug|Any CPU.ActiveCfg = Debug|Any CPU
		{D83B3FB2-B159-4773-B295-35707BB1EC5A}.Debug|Any CPU.Build.0 = Debug|Any CPU
		{D83B3FB2-B159-4773-B295-35707BB1EC5A}.Release|Any CPU.ActiveCfg = Release|Any CPU
		{D83B3FB2-B159-4773-B295-35707BB1EC5A}.Release|Any CPU.Build.0 = Release|Any CPU
		{4E1B1D17-E119-4015-94BB-EB72659DAF35}.Debug|Any CPU.ActiveCfg = Debug|Any CPU
		{4E1B1D17-E119-4015-94BB-EB72659DAF35}.Debug|Any CPU.Build.0 = Debug|Any CPU
		{4E1B1D17-E119-4015-94BB-EB72659DAF35}.Release|Any CPU.ActiveCfg = Release|Any CPU
		{4E1B1D17-E119-4015-94BB-EB72659DAF35}.Release|Any CPU.Build.0 = Release|Any CPU
		{744EE7BC-FEF5-4D4F-876D-F92A5550D49F}.Debug|Any CPU.ActiveCfg = Debug|Any CPU
		{744EE7BC-FEF5-4D4F-876D-F92A5550D49F}.Debug|Any CPU.Build.0 = Debug|Any CPU
		{744EE7BC-FEF5-4D4F-876D-F92A5550D49F}.Release|Any CPU.ActiveCfg = Release|Any CPU
		{744EE7BC-FEF5-4D4F-876D-F92A5550D49F}.Release|Any CPU.Build.0 = Release|Any CPU
		{CDF6B884-146A-4A1E-B51B-FDBAE2071CC0}.Debug|Any CPU.ActiveCfg = Debug|Any CPU
		{CDF6B884-146A-4A1E-B51B-FDBAE2071CC0}.Debug|Any CPU.Build.0 = Debug|Any CPU
		{CDF6B884-146A-4A1E-B51B-FDBAE2071CC0}.Release|Any CPU.ActiveCfg = Release|Any CPU
		{CDF6B884-146A-4A1E-B51B-FDBAE2071CC0}.Release|Any CPU.Build.0 = Release|Any CPU
		{EF92AAA4-A697-48B9-8801-CD0E9C160231}.Debug|Any CPU.ActiveCfg = Debug|Any CPU
		{EF92AAA4-A697-48B9-8801-CD0E9C160231}.Debug|Any CPU.Build.0 = Debug|Any CPU
		{EF92AAA4-A697-48B9-8801-CD0E9C160231}.Release|Any CPU.ActiveCfg = Release|Any CPU
		{EF92AAA4-A697-48B9-8801-CD0E9C160231}.Release|Any CPU.Build.0 = Release|Any CPU
	EndGlobalSection
	GlobalSection(SolutionProperties) = preSolution
		HideSolutionNode = FALSE
	EndGlobalSection
	GlobalSection(ExtensibilityGlobals) = postSolution
		SolutionGuid = {C1326554-D5CB-480D-95D4-050C85CD2E56}
	EndGlobalSection
EndGlobal
